
Microsoft Visual Studio Solution File, Format Version 12.00
# Visual Studio Version 17
VisualStudioVersion = 17.8.34330.188
MinimumVisualStudioVersion = 10.0.40219.1
Project("{FAE04EC0-301F-11D3-BF4B-00C04F79EFBC}") = "polwart-backend", "polwart-backend\polwart-backend.csproj", "{94F8E722-6899-4FC6-9D80-5E5FD21C1CE3}"
EndProject
Project("{2150E333-8FDC-42A3-9474-1A3956D46DE8}") = "Solution Items", "Solution Items", "{7832A438-D4D7-4721-BE29-E3CC25974CF1}"
	ProjectSection(SolutionItems) = preProject
		.editorconfig = .editorconfig
	EndProjectSection
EndProject
Global
	GlobalSection(SolutionConfigurationPlatforms) = preSolution
		Debug|Any CPU = Debug|Any CPU
		Release|Any CPU = Release|Any CPU
	EndGlobalSection
	GlobalSection(ProjectConfigurationPlatforms) = postSolution
		{94F8E722-6899-4FC6-9D80-5E5FD21C1CE3}.Debug|Any CPU.ActiveCfg = Debug|Any CPU
		{94F8E722-6899-4FC6-9D80-5E5FD21C1CE3}.Debug|Any CPU.Build.0 = Debug|Any CPU
		{94F8E722-6899-4FC6-9D80-5E5FD21C1CE3}.Release|Any CPU.ActiveCfg = Release|Any CPU
		{94F8E722-6899-4FC6-9D80-5E5FD21C1CE3}.Release|Any CPU.Build.0 = Release|Any CPU
	EndGlobalSection
	GlobalSection(SolutionProperties) = preSolution
		HideSolutionNode = FALSE
	EndGlobalSection
	GlobalSection(ExtensibilityGlobals) = postSolution
		SolutionGuid = {74D87C9A-65C3-40D5-A262-969C28C549B6}
	EndGlobalSection
EndGlobal
